version = 1
revision = 3
requires-python = ">=3.11"

[[package]]
name = "cmake"
version = "4.2.3"
source = { registry = "https://pypi.org/simple" }
sdist = { url = "https://files.pythonhosted.org/packages/3d/1d/f917d89175a54938837f44f7672bc2bc24d1f6fc85c7f787b8d29c1017d2/cmake-4.2.3.tar.gz", hash = "sha256:7a6bc333453c9f7614c7a6e664950d309a5e1f89fa98512d537d4fde27eb8fae", size = 36957, upload-time = "2026-02-28T17:49:18.848Z" }
wheels = [
    { url = "https://files.pythonhosted.org/packages/80/5f/965d2caf7b05e15853974eb36cdc3a8029c09bac886f7448d3f6ad4a8c5d/cmake-4.2.3-py3-none-macosx_10_10_universal2.whl", hash = "sha256:8604578dd087631b1c829315e78e6c81d9549708df2085c89722d5be6174a71f", size = 51591021, upload-time = "2026-02-28T17:48:21.225Z" },
    { url = "https://files.pythonhosted.org/packages/29/92/c8895ffc12c5241111282340c56450707dd8d2f8d1f26c715087e21e3b01/cmake-4.2.3-py3-none-manylinux2014_aarch64.manylinux_2_17_aarch64.whl", hash = "sha256:a7e63d254ef3df90299779f5b41bf84cef02fa864255c567356089ea7c382c65", size = 29007127, upload-time = "2026-02-28T17:48:24.701Z" },
    { url = "https://files.pythonhosted.org/packages/ee/2f/f8438b417275d993d457d99f031fbc104bdda879ec7bdf3c6a78b8af05f7/cmake-4.2.3-py3-none-manylinux2014_i686.manylinux_2_17_i686.whl", hash = "sha256:56e88a69c95e6defafc8e68ba8b99ca9c4dd6e4c97e7f8039283fe263f1de3c9", size = 30064565, upload-time = "2026-02-28T17:48:27.705Z" },
    { url = "https://files.pythonhosted.org/packages/ee/c5/6a2e1b69d58422ddb6370e5d1e5574218dafe200c61a96add1c4cbe5640e/cmake-4.2.3-py3-none-manylinux2014_ppc64le.manylinux_2_17_ppc64le.whl", hash = "sha256:b243937103331a27e8fae4b9a72b4a852c281fb1339e76eef9e9915d4536c7c9", size = 29837850, upload-time = "2026-02-28T17:48:30.749Z" },
    { url = "https://files.pythonhosted.org/packages/a4/1c/9445c89cfcfbafe1c61a6a1c38072ddcb8413397a736db3bbe8c01f015cc/cmake-4.2.3-py3-none-manylinux2014_s390x.manylinux_2_17_s390x.whl", hash = "sha256:c53c2a314a3723f0653c0f90aacca68267f0db003ca596bb2aa65e7fdafa31e2", size = 27749297, upload-time = "2026-02-28T17:48:36.717Z" },
    { url = "https://files.pythonhosted.org/packages/a7/c2/7ecd2aec927262ff2898d371f44ccb15884b6172407326e9388df07f9642/cmake-4.2.3-py3-none-manylinux2014_x86_64.manylinux_2_17_x86_64.whl", hash = "sha256:8e91b381aaea3c47110583dccc52f4562333d1accdbb806939f953c16e74ec0a", size = 28904315, upload-time = "2026-02-28T17:48:39.835Z" },
    { url = "https://files.pythonhosted.org/packages/0f/10/b41652c2ce1a33102386f6d65c22192284ed780de2d8ab3f416d795d928b/cmake-4.2.3-py3-none-manylinux_2_31_armv7l.whl", hash = "sha256:76eae39cd8855e80a2b485686f3539c39cba5c7eae49c4b634a15638d4edf39f", size = 26086034, upload-time = "2026-02-28T17:48:42.696Z" },
    { url = "https://files.pythonhosted.org/packages/d8/2e/d69fd449414b5bdc551ede33e8ba41fd293458865bf9d4d6745fe8fe4e5a/cmake-4.2.3-py3-none-manylinux_2_31_riscv64.whl", hash = "sha256:e3dfbaeffac5848dce60b62a93eecd96b7a3eb0af6d874efc4ec0edb72ec7a24", size = 26203962, upload-time = "2026-02-28T17:48:45.897Z" },
    { url = "https://files.pythonhosted.org/packages/1b/cd/6b703e911069bc9d099097bf9d1cf5f61b627913c1dace890718484218c9/cmake-4.2.3-py3-none-musllinux_1_2_aarch64.whl", hash = "sha256:3a21c36a64f52737e37dbeda0ce76391156139d546d995ed0992c3d4bc306636", size = 37881542, upload-time = "2026-02-28T17:48:48.843Z" },
    { url = "https://files.pythonhosted.org/packages/6b/15/4949cb479231bd6dcf204ffff4b5775c2a471754e73b8f9365ba17a6aa49/cmake-4.2.3-py3-none-musllinux_1_2_armv7l.whl", hash = "sha256:66dff80bc6c955592861f662abebc50ddc4d097bfd1630d496559f7e7017e769", size = 34523393, upload-time = "2026-02-28T17:48:51.55Z" },
    { url = "https://files.pythonhosted.org/packages/c2/39/9c5071dfe0774ad442dab753716e472b537da0bf3fefbc61362ab60b7e5e/cmake-4.2.3-py3-none-musllinux_1_2_i686.whl", hash = "sha256:2605260fa17826c138ad3d78cdc3c6250b860f6c957653e35208c11e2ca4ad91", size = 40419861, upload-time = "2026-02-28T17:48:54.946Z" },
    { url = "https://files.pythonhosted.org/packages/cf/bd/44655063228db7d8f69f8ce3f84d44b854ab2a9bdc530fd9280e64377811/cmake-4.2.3-py3-none-musllinux_1_2_ppc64le.whl", hash = "sha256:f3693c97daaeedc931c6c2ef67b7213e60ef8e51c11050b6a7f4628f5f2a7883", size = 39615316, upload-time = "2026-02-28T17:48:58.308Z" },
    { url = "https://files.pythonhosted.org/packages/28/e4/f4ae13e3162151cdf978d9b279b6f21dd4b358bcc938607f7bddfd1f1da3/cmake-4.2.3-py3-none-musllinux_1_2_riscv64.whl", hash = "sha256:849ce056d644e1c84ba835976e8adc9777ccd2078d81ca80c20a933e4711b3f7", size = 34768312, upload-time = "2026-02-28T17:49:01.787Z" },
    { url = "https://files.pythonhosted.org/packages/28/5e/32ffc26ca34400de8c7fa5b03f3c132636268cb83f79b6a2f8c7dd8dc923/cmake-4.2.3-py3-none-musllinux_1_2_s390x.whl", hash = "sha256:1432016bf6cb533ff8833e0a434c640aa097ffd1a5c0e9341554c2c146050363", size = 36812265, upload-time = "2026-02-28T17:49:04.873Z" },
    { url = "https://files.pythonhosted.org/packages/fc/71/8324902abe3e883bc1d9adfb3c3e602e87f485b797defc87d0fe15fbb109/cmake-4.2.3-py3-none-musllinux_1_2_x86_64.whl", hash = "sha256:22c85da6d4aacebb3ed649bb7dc2fc034c6744f25ed8a02537408fe3c914bf9e", size = 37795828, upload-time = "2026-02-28T17:49:08.142Z" },
    { url = "https://files.pythonhosted.org/packages/cc/df/1b7d450ea66ba054c653165beab71414ccc1c1ea056e51574ae75206ea91/cmake-4.2.3-py3-none-win32.whl", hash = "sha256:2091e4c1b45e6e900dda4aebce1d3e912ddc3ba0c153dd6b35be0b18f7f2b2ce", size = 35499316, upload-time = "2026-02-28T17:49:10.957Z" },
    { url = "https://files.pythonhosted.org/packages/7f/d9/f1693ab5e403ae010df8c7ec12c77b2671080ec5c158b37f8db78814be96/cmake-4.2.3-py3-none-win_amd64.whl", hash = "sha256:0c55af0e1b2db232a94a7c34e89f25f3dbf410a4669b11134d07de0bd7aad03e", size = 38891890, upload-time = "2026-02-28T17:49:13.757Z" },
    { url = "https://files.pythonhosted.org/packages/9b/4b/6b246acb4be50867dc9237d55a0bc1ec0c8fbd47db2c868f1f2b4b690e76/cmake-4.2.3-py3-none-win_arm64.whl", hash = "sha256:e9d3761edc558b89321283c258f3bc036d2cda4c22ecfa181a25bb84e96afd4a", size = 38005743, upload-time = "2026-02-28T17:49:16.563Z" },
]

[[package]]
name = "ninja"
version = "1.13.0"
source = { registry = "https://pypi.org/simple" }
sdist = { url = "https://files.pythonhosted.org/packages/43/73/79a0b22fc731989c708068427579e840a6cf4e937fe7ae5c5d0b7356ac22/ninja-1.13.0.tar.gz", hash = "sha256:4a40ce995ded54d9dc24f8ea37ff3bf62ad192b547f6c7126e7e25045e76f978", size = 242558, upload-time = "2025-08-11T15:10:19.421Z" }
wheels = [
    { url = "https://files.pythonhosted.org/packages/3c/74/d02409ed2aa865e051b7edda22ad416a39d81a84980f544f8de717cab133/ninja-1.13.0-py3-none-macosx_10_9_universal2.whl", hash = "sha256:fa2a8bfc62e31b08f83127d1613d10821775a0eb334197154c4d6067b7068ff1", size = 310125, upload-time = "2025-08-11T15:09:50.971Z" },
    { url = "https://files.pythonhosted.org/packages/8e/de/6e1cd6b84b412ac1ef327b76f0641aeb5dcc01e9d3f9eee0286d0c34fd93/ninja-1.13.0-py3-none-manylinux2014_aarch64.manylinux_2_17_aarch64.whl", hash = "sha256:3d00c692fb717fd511abeb44b8c5d00340c36938c12d6538ba989fe764e79630", size = 177467, upload-time = "2025-08-11T15:09:52.767Z" },
    { url = "https://files.pythonhosted.org/packages/c8/83/49320fb6e58ae3c079381e333575fdbcf1cca3506ee160a2dcce775046fa/ninja-1.13.0-py3-none-manylinux2014_i686.manylinux_2_17_i686.whl", hash = "sha256:be7f478ff9f96a128b599a964fc60a6a87b9fa332ee1bd44fa243ac88d50291c", size = 187834, upload-time = "2025-08-11T15:09:54.115Z" },
    { url = "https://files.pythonhosted.org/packages/56/c7/ba22748fb59f7f896b609cd3e568d28a0a367a6d953c24c461fe04fc4433/ninja-1.13.0-py3-none-manylinux2014_ppc64le.manylinux_2_17_ppc64le.whl", hash = "sha256:60056592cf495e9a6a4bea3cd178903056ecb0943e4de45a2ea825edb6dc8d3e", size = 202736, upload-time = "2025-08-11T15:09:55.745Z" },
    { url = "https://files.pythonhosted.org/packages/79/22/d1de07632b78ac8e6b785f41fa9aad7a978ec8c0a1bf15772def36d77aac/ninja-1.13.0-py3-none-manylinux2014_s390x.manylinux_2_17_s390x.whl", hash = "sha256:1c97223cdda0417f414bf864cfb73b72d8777e57ebb279c5f6de368de0062988", size = 179034, upload-time = "2025-08-11T15:09:57.394Z" },
    { url = "https://files.pythonhosted.org/packages/ed/de/0e6edf44d6a04dabd0318a519125ed0415ce437ad5a1ec9b9be03d9048cf/ninja-1.13.0-py3-none-manylinux2014_x86_64.manylinux_2_17_x86_64.whl", hash = "sha256:fb46acf6b93b8dd0322adc3a4945452a4e774b75b91293bafcc7b7f8e6517dfa", size = 180716, upload-time = "2025-08-11T15:09:58.696Z" },
    { url = "https://files.pythonhosted.org/packages/54/28/938b562f9057aaa4d6bfbeaa05e81899a47aebb3ba6751e36c027a7f5ff7/ninja-1.13.0-py3-none-manylinux_2_28_armv7l.manylinux_2_31_armv7l.whl", hash = "sha256:4be9c1b082d244b1ad7ef41eb8ab088aae8c109a9f3f0b3e56a252d3e00f42c1", size = 146843, upload-time = "2025-08-11T15:10:00.046Z" },
    { url = "https://files.pythonhosted.org/packages/2a/fb/d06a3838de4f8ab866e44ee52a797b5491df823901c54943b2adb0389fbb/ninja-1.13.0-py3-none-manylinux_2_31_riscv64.whl", hash = "sha256:6739d3352073341ad284246f81339a384eec091d9851a886dfa5b00a6d48b3e2", size = 154402, upload-time = "2025-08-11T15:10:01.657Z" },
    { url = "https://files.pythonhosted.org/packages/31/bf/0d7808af695ceddc763cf251b84a9892cd7f51622dc8b4c89d5012779f06/ninja-1.13.0-py3-none-musllinux_1_2_aarch64.whl", hash = "sha256:11be2d22027bde06f14c343f01d31446747dbb51e72d00decca2eb99be911e2f", size = 552388, upload-time = "2025-08-11T15:10:03.349Z" },
    { url = "https://files.pythonhosted.org/packages/9d/70/c99d0c2c809f992752453cce312848abb3b1607e56d4cd1b6cded317351a/ninja-1.13.0-py3-none-musllinux_1_2_armv7l.whl", hash = "sha256:aa45b4037b313c2f698bc13306239b8b93b4680eb47e287773156ac9e9304714", size = 472501, upload-time = "2025-08-11T15:10:04.735Z" },
    { url = "https://files.pythonhosted.org/packages/9f/43/c217b1153f0e499652f5e0766da8523ce3480f0a951039c7af115e224d55/ninja-1.13.0-py3-none-musllinux_1_2_i686.whl", hash = "sha256:5f8e1e8a1a30835eeb51db05cf5a67151ad37542f5a4af2a438e9490915e5b72", size = 638280, upload-time = "2025-08-11T15:10:06.512Z" },
    { url = "https://files.pythonhosted.org/packages/8c/45/9151bba2c8d0ae2b6260f71696330590de5850e5574b7b5694dce6023e20/ninja-1.13.0-py3-none-musllinux_1_2_ppc64le.whl", hash = "sha256:3d7d7779d12cb20c6d054c61b702139fd23a7a964ec8f2c823f1ab1b084150db", size = 642420, upload-time = "2025-08-11T15:10:08.35Z" },
    { url = "https://files.pythonhosted.org/packages/3c/fb/95752eb635bb8ad27d101d71bef15bc63049de23f299e312878fc21cb2da/ninja-1.13.0-py3-none-musllinux_1_2_riscv64.whl", hash = "sha256:d741a5e6754e0bda767e3274a0f0deeef4807f1fec6c0d7921a0244018926ae5", size = 585106, upload-time = "2025-08-11T15:10:09.818Z" },
    { url = "https://files.pythonhosted.org/packages/c1/31/aa56a1a286703800c0cbe39fb4e82811c277772dc8cd084f442dd8e2938a/ninja-1.13.0-py3-none-musllinux_1_2_s390x.whl", hash = "sha256:e8bad11f8a00b64137e9b315b137d8bb6cbf3086fbdc43bf1f90fd33324d2e96", size = 707138, upload-time = "2025-08-11T15:10:11.366Z" },
    { url = "https://files.pythonhosted.org/packages/34/6f/5f5a54a1041af945130abdb2b8529cbef0cdcbbf9bcf3f4195378319d29a/ninja-1.13.0-py3-none-musllinux_1_2_x86_64.whl", hash = "sha256:b4f2a072db3c0f944c32793e91532d8948d20d9ab83da9c0c7c15b5768072200", size = 581758, upload-time = "2025-08-11T15:10:13.295Z" },
    { url = "https://files.pythonhosted.org/packages/95/97/51359c77527d45943fe7a94d00a3843b81162e6c4244b3579fe8fc54cb9c/ninja-1.13.0-py3-none-win32.whl", hash = "sha256:8cfbb80b4a53456ae8a39f90ae3d7a2129f45ea164f43fadfa15dc38c4aef1c9", size = 267201, upload-time = "2025-08-11T15:10:15.158Z" },
    { url = "https://files.pythonhosted.org/packages/29/45/c0adfbfb0b5895aa18cec400c535b4f7ff3e52536e0403602fc1a23f7de9/ninja-1.13.0-py3-none-win_amd64.whl", hash = "sha256:fb8ee8719f8af47fed145cced4a85f0755dd55d45b2bddaf7431fa89803c5f3e", size = 309975, upload-time = "2025-08-11T15:10:16.697Z" },
    { url = "https://files.pythonhosted.org/packages/df/93/a7b983643d1253bb223234b5b226e69de6cda02b76cdca7770f684b795f5/ninja-1.13.0-py3-none-win_arm64.whl", hash = "sha256:3c0b40b1f0bba764644385319028650087b4c1b18cdfa6f45cb39a3669b81aa9", size = 290806, upload-time = "2025-08-11T15:10:18.018Z" },
]

[[package]]
name = "proxy-verifier-dev"
version = "0.1.0"
source = { virtual = "." }
dependencies = [
    { name = "cmake" },
    { name = "ninja" },
]

[package.metadata]
requires-dist = [
    { name = "cmake", specifier = ">=4.2.3" },
    { name = "ninja" },
]
